
Microsoft Visual Studio Solution File, Format Version 12.00
Project("{2150E333-8FDC-42A3-9474-1A3956D46DE8}") = "src", "src", "{53AD07F7-25C8-4F0F-A551-4979D2DD08F3}"
EndProject
Project("{2150E333-8FDC-42A3-9474-1A3956D46DE8}") = "test", "test", "{ED8E20FC-B173-40FF-B447-D74B58FC27C6}"
EndProject
Project("{FAE04EC0-301F-11D3-BF4B-00C04F79EFBC}") = "Slackbot.Net.SlackClients.Http.Tests", "test\Slackbot.Net.SlackClients.Http.Tests\Slackbot.Net.SlackClients.Http.Tests.csproj", "{E844F8E7-7D8B-4147-AED6-85EDF30717A2}"
EndProject
Project("{FAE04EC0-301F-11D3-BF4B-00C04F79EFBC}") = "Slackbot.Net.SlackClients.Http", "src\Slackbot.Net.SlackClients.Http\Slackbot.Net.SlackClients.Http.csproj", "{D6C3CE02-3D77-4313-AC43-1A8E990DCB9C}"
EndProject
Project("{FAE04EC0-301F-11D3-BF4B-00C04F79EFBC}") = "Slackbot.Net.Endpoints", "src\Slackbot.Net.Endpoints\Slackbot.Net.Endpoints.csproj", "{0B4A58E9-FF02-4942-9345-D9E255C5C87D}"
EndProject
Project("{2150E333-8FDC-42A3-9474-1A3956D46DE8}") = "Samples", "Samples", "{F22E2B7D-C611-4444-BBCB-F4FC4DAC956C}"
EndProject
Project("{2150E333-8FDC-42A3-9474-1A3956D46DE8}") = "Build", "Build", "{10CBAF56-F382-480E-B8BE-CBF270617AD8}"
ProjectSection(SolutionItems) = preProject
	..\build.cake = ..\build.cake
	..\CI.yml = ..\.github\workflows\CI.yml
	..\Release.yml = ..\.github\workflows\Release.yml
	..\PreRelease.yml = ..\.github\workflows\PreRelease.yml
	..\tools\packages.config = ..\tools\packages.config
EndProjectSection
EndProject
Project("{FAE04EC0-301F-11D3-BF4B-00C04F79EFBC}") = "HelloWorld", "..\Samples\HelloWorld\HelloWorld.csproj", "{15519075-7574-4F9B-820F-D8F7190AF460}"
EndProject
Project("{FAE04EC0-301F-11D3-BF4B-00C04F79EFBC}") = "Slackbot.Net.Shared", "src\Slackbot.Net.Shared\Slackbot.Net.Shared.csproj", "{BA30DCAA-D5D0-4BA6-8DAE-562D3BAA9943}"
EndProject
Global
	GlobalSection(SolutionConfigurationPlatforms) = preSolution
		Debug|Any CPU = Debug|Any CPU
		Release|Any CPU = Release|Any CPU
	EndGlobalSection
	GlobalSection(ProjectConfigurationPlatforms) = postSolution
		{E844F8E7-7D8B-4147-AED6-85EDF30717A2}.Debug|Any CPU.ActiveCfg = Debug|Any CPU
		{E844F8E7-7D8B-4147-AED6-85EDF30717A2}.Debug|Any CPU.Build.0 = Debug|Any CPU
		{E844F8E7-7D8B-4147-AED6-85EDF30717A2}.Release|Any CPU.ActiveCfg = Release|Any CPU
		{E844F8E7-7D8B-4147-AED6-85EDF30717A2}.Release|Any CPU.Build.0 = Release|Any CPU
		{D6C3CE02-3D77-4313-AC43-1A8E990DCB9C}.Debug|Any CPU.ActiveCfg = Debug|Any CPU
		{D6C3CE02-3D77-4313-AC43-1A8E990DCB9C}.Debug|Any CPU.Build.0 = Debug|Any CPU
		{D6C3CE02-3D77-4313-AC43-1A8E990DCB9C}.Release|Any CPU.ActiveCfg = Release|Any CPU
		{D6C3CE02-3D77-4313-AC43-1A8E990DCB9C}.Release|Any CPU.Build.0 = Release|Any CPU
		{0B4A58E9-FF02-4942-9345-D9E255C5C87D}.Debug|Any CPU.ActiveCfg = Debug|Any CPU
		{0B4A58E9-FF02-4942-9345-D9E255C5C87D}.Debug|Any CPU.Build.0 = Debug|Any CPU
		{0B4A58E9-FF02-4942-9345-D9E255C5C87D}.Release|Any CPU.ActiveCfg = Release|Any CPU
		{0B4A58E9-FF02-4942-9345-D9E255C5C87D}.Release|Any CPU.Build.0 = Release|Any CPU
		{15519075-7574-4F9B-820F-D8F7190AF460}.Debug|Any CPU.ActiveCfg = Debug|Any CPU
		{15519075-7574-4F9B-820F-D8F7190AF460}.Debug|Any CPU.Build.0 = Debug|Any CPU
		{15519075-7574-4F9B-820F-D8F7190AF460}.Release|Any CPU.ActiveCfg = Release|Any CPU
		{15519075-7574-4F9B-820F-D8F7190AF460}.Release|Any CPU.Build.0 = Release|Any CPU
		{BA30DCAA-D5D0-4BA6-8DAE-562D3BAA9943}.Debug|Any CPU.ActiveCfg = Debug|Any CPU
		{BA30DCAA-D5D0-4BA6-8DAE-562D3BAA9943}.Debug|Any CPU.Build.0 = Debug|Any CPU
		{BA30DCAA-D5D0-4BA6-8DAE-562D3BAA9943}.Release|Any CPU.ActiveCfg = Release|Any CPU
		{BA30DCAA-D5D0-4BA6-8DAE-562D3BAA9943}.Release|Any CPU.Build.0 = Release|Any CPU
	EndGlobalSection
	GlobalSection(NestedProjects) = preSolution
		{E844F8E7-7D8B-4147-AED6-85EDF30717A2} = {ED8E20FC-B173-40FF-B447-D74B58FC27C6}
		{D6C3CE02-3D77-4313-AC43-1A8E990DCB9C} = {53AD07F7-25C8-4F0F-A551-4979D2DD08F3}
		{0B4A58E9-FF02-4942-9345-D9E255C5C87D} = {53AD07F7-25C8-4F0F-A551-4979D2DD08F3}
		{15519075-7574-4F9B-820F-D8F7190AF460} = {F22E2B7D-C611-4444-BBCB-F4FC4DAC956C}
		{BA30DCAA-D5D0-4BA6-8DAE-562D3BAA9943} = {53AD07F7-25C8-4F0F-A551-4979D2DD08F3}
	EndGlobalSection
EndGlobal
